
Microsoft Visual Studio Solution File, Format Version 12.00
# Visual Studio Version 17
VisualStudioVersion = 17.14.36414.22 d17.14
MinimumVisualStudioVersion = 10.0.40219.1
Project("{FAE04EC0-301F-11D3-BF4B-00C04F79EFBC}") = "23WebC", "23WebC.csproj", "{7D7015E3-2EC6-4756-BE6B-B3982F78CCCC}"
EndProject
Global
	GlobalSection(SolutionConfigurationPlatforms) = preSolution
		Debug|Any CPU = Debug|Any CPU
		Release|Any CPU = Release|Any CPU
	EndGlobalSection
	GlobalSection(ProjectConfigurationPlatforms) = postSolution
		{7D7015E3-2EC6-4756-BE6B-B3982F78CCCC}.Debug|Any CPU.ActiveCfg = Debug|Any CPU
		{7D7015E3-2EC6-4756-BE6B-B3982F78CCCC}.Debug|Any CPU.Build.0 = Debug|Any CPU
		{7D7015E3-2EC6-4756-BE6B-B3982F78CCCC}.Release|Any CPU.ActiveCfg = Release|Any CPU
		{7D7015E3-2EC6-4756-BE6B-B3982F78CCCC}.Release|Any CPU.Build.0 = Release|Any CPU
	EndGlobalSection
	GlobalSection(SolutionProperties) = preSolution
		HideSolutionNode = FALSE
	EndGlobalSection
	GlobalSection(ExtensibilityGlobals) = postSolution
		SolutionGuid = {7EE11299-B10B-404E-B878-DF38B7E378F3}
	EndGlobalSection
EndGlobal
